<?xml version="1.0" encoding="utf-8"?>
<Project ToolsVersion="4.0" xmlns="http://schemas.microsoft.com/developer/msbuild/2003">
  <ItemGroup>
    <Filter Include="Source Files">
      <UniqueIdentifier>{4FC737F1-C7A5-4376-A066-2A32D752A2FF}</UniqueIdentifier>
      <Extensions>cpp;c;cc;cxx;c++;cppm;ixx;def;odl;idl;hpj;bat;asm;asmx</Extensions>
    </Filter>
    <Filter Include="Header Files">
      <UniqueIdentifier>{93995380-89BD-4b04-88EB-625FBE52EBFB}</UniqueIdentifier>
      <Extensions>h;hh;hpp;hxx;h++;hm;inl;inc;ipp;xsd</Extensions>
    </Filter>
    <Filter Include="Resource Files">
      <UniqueIdentifier>{67DA6AB6-F800-4c08-8B7A-83BB121AAD01}</UniqueIdentifier>
      <Extensions>rc;ico;cur;bmp;dlg;rc2;rct;bin;rgs;gif;jpg;jpeg;jpe;resx;tiff;tif;png;wav;mfcribbon-ms</Extensions>
    </Filter>
    <Filter Include="Header Files\2020 Solutions">
      <UniqueIdentifier>{d986c8f7-78e2-4e56-a680-09f0d813d1fc}</UniqueIdentifier>
    </Filter>
    <Filter Include="Header Files\2021 Solutions">
      <UniqueIdentifier>{0edbded4-6bf8-451e-a5e3-8d428e3c393f}</UniqueIdentifier>
    </Filter>
    <Filter Include="Input Files">
      <UniqueIdentifier>{3260ca05-e351-49da-a716-246c82cdd872}</UniqueIdentifier>
    </Filter>
    <Filter Include="Input Files\2020 Input Files">
      <UniqueIdentifier>{990ee98c-076e-4c10-84ce-76be79f614e4}</UniqueIdentifier>
    </Filter>
    <Filter Include="Input Files\2021 Input Files">
      <UniqueIdentifier>{5f9a5c53-3f15-4e1b-af7c-08a7e3bc2048}</UniqueIdentifier>
    </Filter>
  </ItemGroup>
  <ItemGroup>
    <ClInclude Include="Source\2020 Solutions\AoC2020.h">
      <Filter>Header Files\2020 Solutions</Filter>
    </ClInclude>
    <ClInclude Include="Source\2020 Solutions\AoC2020_01.h">
      <Filter>Header Files\2020 Solutions</Filter>
    </ClInclude>
    <ClInclude Include="Source\2020 Solutions\AoC2020_02.h">
      <Filter>Header Files\2020 Solutions</Filter>
    </ClInclude>
    <ClInclude Include="Source\2020 Solutions\AoC2020_03.h">
      <Filter>Header Files\2020 Solutions</Filter>
    </ClInclude>
    <ClInclude Include="Source\2020 Solutions\AoC2020_04.h">
      <Filter>Header Files\2020 Solutions</Filter>
    </ClInclude>
    <ClInclude Include="Source\2020 Solutions\AoC2020_05.h">
      <Filter>Header Files\2020 Solutions</Filter>
    </ClInclude>
    <ClInclude Include="Source\2020 Solutions\AoC2020_06.h">
      <Filter>Header Files\2020 Solutions</Filter>
    </ClInclude>
    <ClInclude Include="Source\2020 Solutions\AoC2020_07.h">
      <Filter>Header Files\2020 Solutions</Filter>
    </ClInclude>
    <ClInclude Include="Source\2020 Solutions\AoC2020_08.h">
      <Filter>Header Files\2020 Solutions</Filter>
    </ClInclude>
    <ClInclude Include="Source\2020 Solutions\AoC2020_09.h">
      <Filter>Header Files\2020 Solutions</Filter>
    </ClInclude>
    <ClInclude Include="Source\2020 Solutions\AoC2020_10.h">
      <Filter>Header Files\2020 Solutions</Filter>
    </ClInclude>
    <ClInclude Include="Source\2020 Solutions\AoC2020_11.h">
      <Filter>Header Files\2020 Solutions</Filter>
    </ClInclude>
    <ClInclude Include="Source\2020 Solutions\AoC2020_12.h">
      <Filter>Header Files\2020 Solutions</Filter>
    </ClInclude>
    <ClInclude Include="Source\2020 Solutions\AoC2020_13.h">
      <Filter>Header Files\2020 Solutions</Filter>
    </ClInclude>
    <ClInclude Include="Source\2020 Solutions\AoC2020_14.h">
      <Filter>Header Files\2020 Solutions</Filter>
    </ClInclude>
    <ClInclude Include="Source\2020 Solutions\AoC2020_15.h">
      <Filter>Header Files\2020 Solutions</Filter>
    </ClInclude>
    <ClInclude Include="Source\2020 Solutions\AoC2020_16.h">
      <Filter>Header Files\2020 Solutions</Filter>
    </ClInclude>
    <ClInclude Include="Source\2020 Solutions\AoC2020_17.h">
      <Filter>Header Files\2020 Solutions</Filter>
    </ClInclude>
    <ClInclude Include="Source\2020 Solutions\AoC2020_18.h">
      <Filter>Header Files\2020 Solutions</Filter>
    </ClInclude>
    <ClInclude Include="Source\2020 Solutions\AoC2020_19.h">
      <Filter>Header Files\2020 Solutions</Filter>
    </ClInclude>
    <ClInclude Include="Source\2020 Solutions\AoC2020_21.h">
      <Filter>Header Files\2020 Solutions</Filter>
    </ClInclude>
    <ClInclude Include="Source\2021 Solutions\AoC2021.h">
      <Filter>Header Files\2021 Solutions</Filter>
    </ClInclude>
    <ClInclude Include="Source\2021 Solutions\AoC2021_01.h">
      <Filter>Header Files\2021 Solutions</Filter>
    </ClInclude>
    <ClInclude Include="Source\2021 Solutions\AoC2021_02.h">
      <Filter>Header Files\2021 Solutions</Filter>
    </ClInclude>
    <ClInclude Include="Source\2021 Solutions\AoC2021_03.h">
      <Filter>Header Files\2021 Solutions</Filter>
    </ClInclude>
    <ClInclude Include="Source\2021 Solutions\AoC2021_04.h">
      <Filter>Header Files\2021 Solutions</Filter>
    </ClInclude>
    <ClInclude Include="Source\2021 Solutions\AoC2021_05.h">
      <Filter>Header Files\2021 Solutions</Filter>
    </ClInclude>
    <ClInclude Include="Source\2021 Solutions\AoC2021_06.h">
      <Filter>Header Files\2021 Solutions</Filter>
    </ClInclude>
    <ClInclude Include="Source\2021 Solutions\AoC2021_07.h">
      <Filter>Header Files\2021 Solutions</Filter>
    </ClInclude>
    <ClInclude Include="Source\2021 Solutions\AoC2021_08.h">
      <Filter>Header Files\2021 Solutions</Filter>
    </ClInclude>
    <ClInclude Include="Source\2021 Solutions\AoC2021_09.h">
      <Filter>Header Files\2021 Solutions</Filter>
    </ClInclude>
    <ClInclude Include="Source\2021 Solutions\AoC2021_10.h">
      <Filter>Header Files\2021 Solutions</Filter>
    </ClInclude>
    <ClInclude Include="Source\2021 Solutions\AoC2021_11.h">
      <Filter>Header Files\2021 Solutions</Filter>
    </ClInclude>
    <ClInclude Include="Source\2021 Solutions\AoC2021_12.h">
      <Filter>Header Files\2021 Solutions</Filter>
    </ClInclude>
    <ClInclude Include="Source\2021 Solutions\AoC2021_13.h">
      <Filter>Header Files\2021 Solutions</Filter>
    </ClInclude>
    <ClInclude Include="Source\2021 Solutions\AoC2021_14.h">
      <Filter>Header Files\2021 Solutions</Filter>
    </ClInclude>
    <ClInclude Include="Source\2021 Solutions\AoC2021_15.h">
      <Filter>Header Files\2021 Solutions</Filter>
    </ClInclude>
    <ClInclude Include="Source\AoCTemplate.h">
      <Filter>Header Files</Filter>
    </ClInclude>
    <ClInclude Include="Source\AoCUtil.h">
      <Filter>Header Files</Filter>
    </ClInclude>
    <ClInclude Include="Source\pch.h">
      <Filter>Header Files</Filter>
    </ClInclude>
    <ClInclude Include="..\Source\2021 Solutions\AoC2021_16.h">
      <Filter>Header Files\2021 Solutions</Filter>
    </ClInclude>
    <ClInclude Include="Source\2020 Solutions\AoC2020_22.h">
      <Filter>Header Files\2020 Solutions</Filter>
    </ClInclude>
    <ClInclude Include="Source\2020 Solutions\AoC2020_20.h">
      <Filter>Header Files\2020 Solutions</Filter>
    </ClInclude>
    <ClInclude Include="Source\2020 Solutions\AoC2020_23.h">
      <Filter>Header Files\2020 Solutions</Filter>
    </ClInclude>
    <ClInclude Include="Source\2020 Solutions\AoC2020_24.h">
      <Filter>Header Files\2020 Solutions</Filter>
    </ClInclude>
    <ClInclude Include="Source\2020 Solutions\AoC2020_25.h">
      <Filter>Header Files\2020 Solutions</Filter>
    </ClInclude>
    <ClInclude Include="Source\2021 Solutions\AoC2021_17.h">
      <Filter>Header Files\2021 Solutions</Filter>
    </ClInclude>
    <ClInclude Include="Source\2021 Solutions\AoC2021_18.h">
      <Filter>Header Files\2021 Solutions</Filter>
    </ClInclude>
    <ClInclude Include="Source\2021 Solutions\AoC2021_19.h">
      <Filter>Header Files\2021 Solutions</Filter>
    </ClInclude>
    <ClInclude Include="Source\2021 Solutions\AoC2021_20.h">
      <Filter>Header Files\2021 Solutions</Filter>
    </ClInclude>
    <ClInclude Include="Source\2021 Solutions\AoC2021_21.h">
      <Filter>Header Files\2021 Solutions</Filter>
    </ClInclude>
    <ClInclude Include="Source\2021 Solutions\AoC2021_22.h">
      <Filter>Header Files\2021 Solutions</Filter>
    </ClInclude>
    <ClInclude Include="Source\2021 Solutions\AoC2021_23.h">
      <Filter>Header Files\2021 Solutions</Filter>
    </ClInclude>
    <ClInclude Include="Source\2021 Solutions\AoC2021_24.h">
      <Filter>Header Files\2021 Solutions</Filter>
    </ClInclude>
    <ClInclude Include="Source\2021 Solutions\AoC2021_25.h">
      <Filter>Header Files\2021 Solutions</Filter>
    </ClInclude>
  </ItemGroup>
  <ItemGroup>
    <ClCompile Include="Source\AdventofCode.cpp">
      <Filter>Source Files</Filter>
    </ClCompile>
    <ClCompile Include="Source\pch.cpp">
      <Filter>Source Files</Filter>
    </ClCompile>
  </ItemGroup>
  <ItemGroup>
    <Text Include="Input Files\2020 Inputs\AoC2020_01.txt">
      <Filter>Input Files\2020 Input Files</Filter>
    </Text>
    <Text Include="Input Files\2020 Inputs\AoC2020_02.txt">
      <Filter>Input Files\2020 Input Files</Filter>
    </Text>
    <Text Include="Input Files\2020 Inputs\AoC2020_03.txt">
      <Filter>Input Files\2020 Input Files</Filter>
    </Text>
    <Text Include="Input Files\2020 Inputs\AoC2020_04.txt">
      <Filter>Input Files\2020 Input Files</Filter>
    </Text>
    <Text Include="Input Files\2020 Inputs\AoC2020_05.txt">
      <Filter>Input Files\2020 Input Files</Filter>
    </Text>
    <Text Include="Input Files\2020 Inputs\AoC2020_06.txt">
      <Filter>Input Files\2020 Input Files</Filter>
    </Text>
    <Text Include="Input Files\2020 Inputs\AoC2020_07.txt">
      <Filter>Input Files\2020 Input Files</Filter>
    </Text>
    <Text Include="Input Files\2020 Inputs\AoC2020_08.txt">
      <Filter>Input Files\2020 Input Files</Filter>
    </Text>
    <Text Include="Input Files\2020 Inputs\AoC2020_09.txt">
      <Filter>Input Files\2020 Input Files</Filter>
    </Text>
    <Text Include="Input Files\2020 Inputs\AoC2020_10.txt">
      <Filter>Input Files\2020 Input Files</Filter>
    </Text>
    <Text Include="Input Files\2020 Inputs\AoC2020_11.txt">
      <Filter>Input Files\2020 Input Files</Filter>
    </Text>
    <Text Include="Input Files\2020 Inputs\AoC2020_12.txt">
      <Filter>Input Files\2020 Input Files</Filter>
    </Text>
    <Text Include="Input Files\2020 Inputs\AoC2020_13.txt">
      <Filter>Input Files\2020 Input Files</Filter>
    </Text>
    <Text Include="Input Files\2020 Inputs\AoC2020_14.txt">
      <Filter>Input Files\2020 Input Files</Filter>
    </Text>
    <Text Include="Input Files\2020 Inputs\AoC2020_15.txt">
      <Filter>Input Files\2020 Input Files</Filter>
    </Text>
    <Text Include="Input Files\2020 Inputs\AoC2020_16.txt">
      <Filter>Input Files\2020 Input Files</Filter>
    </Text>
    <Text Include="Input Files\2020 Inputs\AoC2020_17.txt">
      <Filter>Input Files\2020 Input Files</Filter>
    </Text>
    <Text Include="Input Files\2020 Inputs\AoC2020_18.txt">
      <Filter>Input Files\2020 Input Files</Filter>
    </Text>
    <Text Include="Input Files\2020 Inputs\AoC2020_19.txt">
      <Filter>Input Files\2020 Input Files</Filter>
    </Text>
    <Text Include="Input Files\2020 Inputs\AoC2020_20.txt">
      <Filter>Input Files\2020 Input Files</Filter>
    </Text>
    <Text Include="Input Files\2020 Inputs\AoC2020_21.txt">
      <Filter>Input Files\2020 Input Files</Filter>
    </Text>
    <Text Include="Input Files\2021 Inputs\AoC2021_01.txt">
      <Filter>Input Files\2021 Input Files</Filter>
    </Text>
    <Text Include="Input Files\2021 Inputs\AoC2021_02.txt">
      <Filter>Input Files\2021 Input Files</Filter>
    </Text>
    <Text Include="Input Files\2021 Inputs\AoC2021_03.txt">
      <Filter>Input Files\2021 Input Files</Filter>
    </Text>
    <Text Include="Input Files\2021 Inputs\AoC2021_04.txt">
      <Filter>Input Files\2021 Input Files</Filter>
    </Text>
    <Text Include="Input Files\2021 Inputs\AoC2021_05.txt">
      <Filter>Input Files\2021 Input Files</Filter>
    </Text>
    <Text Include="Input Files\2021 Inputs\AoC2021_06.txt">
      <Filter>Input Files\2021 Input Files</Filter>
    </Text>
    <Text Include="Input Files\2021 Inputs\AoC2021_07.txt">
      <Filter>Input Files\2021 Input Files</Filter>
    </Text>
    <Text Include="Input Files\2021 Inputs\AoC2021_08.txt">
      <Filter>Input Files\2021 Input Files</Filter>
    </Text>
    <Text Include="Input Files\2021 Inputs\AoC2021_09.txt">
      <Filter>Input Files\2021 Input Files</Filter>
    </Text>
    <Text Include="Input Files\2021 Inputs\AoC2021_10.txt">
      <Filter>Input Files\2021 Input Files</Filter>
    </Text>
    <Text Include="Input Files\2021 Inputs\AoC2021_11.txt">
      <Filter>Input Files\2021 Input Files</Filter>
    </Text>
    <Text Include="Input Files\2021 Inputs\AoC2021_12.txt">
      <Filter>Input Files\2021 Input Files</Filter>
    </Text>
    <Text Include="Input Files\2021 Inputs\AoC2021_13.txt">
      <Filter>Input Files\2021 Input Files</Filter>
    </Text>
    <Text Include="Input Files\2021 Inputs\AoC2021_14.txt">
      <Filter>Input Files\2021 Input Files</Filter>
    </Text>
    <Text Include="Input Files\2021 Inputs\AoC2021_15.txt">
      <Filter>Input Files\2021 Input Files</Filter>
    </Text>
    <Text Include="Input Files\2021 Inputs\AoC2021_16.txt">
      <Filter>Input Files\2021 Input Files</Filter>
    </Text>
  </ItemGroup>
</Project>